
Microsoft Visual Studio Solution File, Format Version 12.00
# Visual Studio Version 17
VisualStudioVersion = 17.0.32112.339
MinimumVisualStudioVersion = 10.0.40219.1
Project("{F184B08F-C81C-45F6-A57F-5ABD9991F28F}") = "CoronavirusStatisticsApp", "CoronavirusStatisticsApp\CoronavirusStatisticsApp.vbproj", "{47E18833-C504-4C15-9642-9E02175BA2CF}"
EndProject
Project("{F184B08F-C81C-45F6-A57F-5ABD9991F28F}") = "CoronavirusStatisticsGetter", "CoronavirusStatisticsGetter\CoronavirusStatisticsGetter.vbproj", "{E1A5F7D2-0285-429A-899A-D29BE7D3826D}"
EndProject
Project("{F184B08F-C81C-45F6-A57F-5ABD9991F28F}") = "CoronavirusStatisticsGetter_UnitTests", "CoronavirusStatisticsGetter_UnitTests\CoronavirusStatisticsGetter_UnitTests.vbproj", "{407923F0-4CC0-40FD-8210-FA3BC504C489}"
EndProject
Project("{F184B08F-C81C-45F6-A57F-5ABD9991F28F}") = "Map", "Map\Map.vbproj", "{D9EC6D3F-7949-414D-95D1-BF26A5D75F48}"
EndProject
Project("{F184B08F-C81C-45F6-A57F-5ABD9991F28F}") = "TelegramInteraction", "TelegramInteraction\TelegramInteraction.vbproj", "{282771C9-D0B4-45AB-A29F-E1C94FF18F80}"
EndProject
Project("{F184B08F-C81C-45F6-A57F-5ABD9991F28F}") = "CSVExporterDNF", "CSVExporterDNF\CSVExporterDNF.vbproj", "{6CB980C2-51D0-42AB-920C-F434B3F17F94}"
EndProject
Global
	GlobalSection(SolutionConfigurationPlatforms) = preSolution
		Debug|Any CPU = Debug|Any CPU
		Release|Any CPU = Release|Any CPU
	EndGlobalSection
	GlobalSection(ProjectConfigurationPlatforms) = postSolution
		{47E18833-C504-4C15-9642-9E02175BA2CF}.Debug|Any CPU.ActiveCfg = Debug|Any CPU
		{47E18833-C504-4C15-9642-9E02175BA2CF}.Debug|Any CPU.Build.0 = Debug|Any CPU
		{47E18833-C504-4C15-9642-9E02175BA2CF}.Release|Any CPU.ActiveCfg = Release|Any CPU
		{47E18833-C504-4C15-9642-9E02175BA2CF}.Release|Any CPU.Build.0 = Release|Any CPU
		{E1A5F7D2-0285-429A-899A-D29BE7D3826D}.Debug|Any CPU.ActiveCfg = Debug|Any CPU
		{E1A5F7D2-0285-429A-899A-D29BE7D3826D}.Debug|Any CPU.Build.0 = Debug|Any CPU
		{E1A5F7D2-0285-429A-899A-D29BE7D3826D}.Release|Any CPU.ActiveCfg = Release|Any CPU
		{E1A5F7D2-0285-429A-899A-D29BE7D3826D}.Release|Any CPU.Build.0 = Release|Any CPU
		{407923F0-4CC0-40FD-8210-FA3BC504C489}.Debug|Any CPU.ActiveCfg = Debug|Any CPU
		{407923F0-4CC0-40FD-8210-FA3BC504C489}.Debug|Any CPU.Build.0 = Debug|Any CPU
		{407923F0-4CC0-40FD-8210-FA3BC504C489}.Release|Any CPU.ActiveCfg = Release|Any CPU
		{407923F0-4CC0-40FD-8210-FA3BC504C489}.Release|Any CPU.Build.0 = Release|Any CPU
		{D9EC6D3F-7949-414D-95D1-BF26A5D75F48}.Debug|Any CPU.ActiveCfg = Debug|Any CPU
		{D9EC6D3F-7949-414D-95D1-BF26A5D75F48}.Debug|Any CPU.Build.0 = Debug|Any CPU
		{D9EC6D3F-7949-414D-95D1-BF26A5D75F48}.Release|Any CPU.ActiveCfg = Release|Any CPU
		{D9EC6D3F-7949-414D-95D1-BF26A5D75F48}.Release|Any CPU.Build.0 = Release|Any CPU
		{282771C9-D0B4-45AB-A29F-E1C94FF18F80}.Debug|Any CPU.ActiveCfg = Debug|Any CPU
		{282771C9-D0B4-45AB-A29F-E1C94FF18F80}.Debug|Any CPU.Build.0 = Debug|Any CPU
		{282771C9-D0B4-45AB-A29F-E1C94FF18F80}.Release|Any CPU.ActiveCfg = Release|Any CPU
		{282771C9-D0B4-45AB-A29F-E1C94FF18F80}.Release|Any CPU.Build.0 = Release|Any CPU
		{6CB980C2-51D0-42AB-920C-F434B3F17F94}.Debug|Any CPU.ActiveCfg = Debug|Any CPU
		{6CB980C2-51D0-42AB-920C-F434B3F17F94}.Debug|Any CPU.Build.0 = Debug|Any CPU
		{6CB980C2-51D0-42AB-920C-F434B3F17F94}.Release|Any CPU.ActiveCfg = Release|Any CPU
		{6CB980C2-51D0-42AB-920C-F434B3F17F94}.Release|Any CPU.Build.0 = Release|Any CPU
	EndGlobalSection
	GlobalSection(SolutionProperties) = preSolution
		HideSolutionNode = FALSE
	EndGlobalSection
	GlobalSection(ExtensibilityGlobals) = postSolution
		SolutionGuid = {37BE912C-D578-4751-A722-D270FACB5426}
	EndGlobalSection
EndGlobal
